{
  "name": "Suzana",
  "requires": true,
  "lockfileVersion": 1,
  "dependencies": {
    "generate-package-json-webpack-plugin": {
      "version": "1.0.0",
      "resolved": "https://registry.npmjs.org/generate-package-json-webpack-plugin/-/generate-package-json-webpack-plugin-1.0.0.tgz",
      "integrity": "sha512-uqWlQcF3tdUAYLe8vESL5fDkz0eYJ8Edw/IG5Qxi3ShwFuNQ+jOAShvV4CseuhjarWhBc2hxhATYytzD8G8qWw==",
      "dev": true
    }
  }
}
